
Microsoft Visual Studio Solution File, Format Version 12.00
# Visual Studio 15
VisualStudioVersion = 15.0.27428.2015
MinimumVisualStudioVersion = 10.0.40219.1
Project("{FAE04EC0-301F-11D3-BF4B-00C04F79EFBC}") = "GitTest", "GitTest\GitTest.csproj", "{BEF3E0BB-A34A-4A5E-B835-51EDFC76EC9D}"
EndProject
Global
	GlobalSection(SolutionConfigurationPlatforms) = preSolution
		Debug|Any CPU = Debug|Any CPU
		Release|Any CPU = Release|Any CPU
	EndGlobalSection
	GlobalSection(ProjectConfigurationPlatforms) = postSolution
		{BEF3E0BB-A34A-4A5E-B835-51EDFC76EC9D}.Debug|Any CPU.ActiveCfg = Debug|Any CPU
		{BEF3E0BB-A34A-4A5E-B835-51EDFC76EC9D}.Debug|Any CPU.Build.0 = Debug|Any CPU
		{BEF3E0BB-A34A-4A5E-B835-51EDFC76EC9D}.Release|Any CPU.ActiveCfg = Release|Any CPU
		{BEF3E0BB-A34A-4A5E-B835-51EDFC76EC9D}.Release|Any CPU.Build.0 = Release|Any CPU
	EndGlobalSection
	GlobalSection(SolutionProperties) = preSolution
		HideSolutionNode = FALSE
	EndGlobalSection
	GlobalSection(ExtensibilityGlobals) = postSolution
		SolutionGuid = {4534DE76-0C3E-44B6-A92D-85C3D91EA404}
	EndGlobalSection
EndGlobal
